
Microsoft Visual Studio Solution File, Format Version 12.00
# Visual Studio Version 17
VisualStudioVersion = 17.11.35327.3
MinimumVisualStudioVersion = 10.0.40219.1
Project("{FAE04EC0-301F-11D3-BF4B-00C04F79EFBC}") = "WEB_Jue_18_20", "WEB_Jue_18_20\WEB_Jue_18_20.csproj", "{59C95C59-3FAB-4A7B-A087-ABAA33588C10}"
EndProject
Global
	GlobalSection(SolutionConfigurationPlatforms) = preSolution
		Debug|Any CPU = Debug|Any CPU
		Release|Any CPU = Release|Any CPU
	EndGlobalSection
	GlobalSection(ProjectConfigurationPlatforms) = postSolution
		{59C95C59-3FAB-4A7B-A087-ABAA33588C10}.Debug|Any CPU.ActiveCfg = Debug|Any CPU
		{59C95C59-3FAB-4A7B-A087-ABAA33588C10}.Debug|Any CPU.Build.0 = Debug|Any CPU
		{59C95C59-3FAB-4A7B-A087-ABAA33588C10}.Release|Any CPU.ActiveCfg = Release|Any CPU
		{59C95C59-3FAB-4A7B-A087-ABAA33588C10}.Release|Any CPU.Build.0 = Release|Any CPU
	EndGlobalSection
	GlobalSection(SolutionProperties) = preSolution
		HideSolutionNode = FALSE
	EndGlobalSection
	GlobalSection(ExtensibilityGlobals) = postSolution
		SolutionGuid = {8381ABC0-CD39-48A6-A236-07AFCF19D0FB}
	EndGlobalSection
EndGlobal
